// !$*UTF8*$!
{
   archiveVersion = "1";
   objectVersion = "46";
   objects = {
      "OBJ_1" = {
         isa = "PBXProject";
         attributes = {
            LastUpgradeCheck = "9999";
         };
         buildConfigurationList = "OBJ_2";
         compatibilityVersion = "Xcode 3.2";
         developmentRegion = "English";
         hasScannedForEncodings = "0";
         knownRegions = (
            "en",
         );
         mainGroup = "OBJ_5";
         productRefGroup = "OBJ_40";
         projectDirPath = ".";
         targets = (
            "SKCore::SKCore",
            "SKCore::SwiftPMPackageDescription",
            "SKCore::SKCorePackageTests::ProductTarget",
            "SKCore::SKCoreTests",
         );
      };
      "OBJ_10" = {
         isa = "PBXFileReference";
         path = "AttachmentField.swift";
         sourceTree = "<group>";
      };
      "OBJ_11" = {
         isa = "PBXFileReference";
         path = "Bot.swift";
         sourceTree = "<group>";
      };
      "OBJ_12" = {
         isa = "PBXFileReference";
         path = "Channel.swift";
         sourceTree = "<group>";
      };
      "OBJ_13" = {
         isa = "PBXFileReference";
         path = "Comment.swift";
         sourceTree = "<group>";
      };
      "OBJ_14" = {
         isa = "PBXFileReference";
         path = "CustomProfile.swift";
         sourceTree = "<group>";
      };
      "OBJ_15" = {
         isa = "PBXFileReference";
         path = "CustomProfileField.swift";
         sourceTree = "<group>";
      };
      "OBJ_16" = {
         isa = "PBXFileReference";
         path = "DoNotDisturbStatus.swift";
         sourceTree = "<group>";
      };
      "OBJ_17" = {
         isa = "PBXFileReference";
         path = "Edited.swift";
         sourceTree = "<group>";
      };
      "OBJ_18" = {
         isa = "PBXFileReference";
         path = "Event.swift";
         sourceTree = "<group>";
      };
      "OBJ_19" = {
         isa = "PBXFileReference";
         path = "Extensions.swift";
         sourceTree = "<group>";
      };
      "OBJ_2" = {
         isa = "XCConfigurationList";
         buildConfigurations = (
            "OBJ_3",
            "OBJ_4",
         );
         defaultConfigurationIsVisible = "0";
         defaultConfigurationName = "Release";
      };
      "OBJ_20" = {
         isa = "PBXFileReference";
         path = "File.swift";
         sourceTree = "<group>";
      };
      "OBJ_21" = {
         isa = "PBXFileReference";
         path = "History.swift";
         sourceTree = "<group>";
      };
      "OBJ_22" = {
         isa = "PBXFileReference";
         path = "Item.swift";
         sourceTree = "<group>";
      };
      "OBJ_23" = {
         isa = "PBXFileReference";
         path = "Message.swift";
         sourceTree = "<group>";
      };
      "OBJ_24" = {
         isa = "PBXFileReference";
         path = "OAuthConfig.swift";
         sourceTree = "<group>";
      };
      "OBJ_25" = {
         isa = "PBXFileReference";
         path = "RTMOptions.swift";
         sourceTree = "<group>";
      };
      "OBJ_26" = {
         isa = "PBXFileReference";
         path = "Reaction.swift";
         sourceTree = "<group>";
      };
      "OBJ_27" = {
         isa = "PBXFileReference";
         path = "Reply.swift";
         sourceTree = "<group>";
      };
      "OBJ_28" = {
         isa = "PBXFileReference";
         path = "Scope.swift";
         sourceTree = "<group>";
      };
      "OBJ_29" = {
         isa = "PBXFileReference";
         path = "SlackError.swift";
         sourceTree = "<group>";
      };
      "OBJ_3" = {
         isa = "XCBuildConfiguration";
         buildSettings = {
            CLANG_ENABLE_OBJC_ARC = "YES";
            COMBINE_HIDPI_IMAGES = "YES";
            COPY_PHASE_STRIP = "NO";
            DEBUG_INFORMATION_FORMAT = "dwarf";
            DYLIB_INSTALL_NAME_BASE = "@rpath";
            ENABLE_NS_ASSERTIONS = "YES";
            GCC_OPTIMIZATION_LEVEL = "0";
            MACOSX_DEPLOYMENT_TARGET = "10.10";
            ONLY_ACTIVE_ARCH = "YES";
            OTHER_SWIFT_FLAGS = (
               "-DXcode",
            );
            PRODUCT_NAME = "$(TARGET_NAME)";
            SDKROOT = "macosx";
            SUPPORTED_PLATFORMS = (
               "macosx",
               "iphoneos",
               "iphonesimulator",
               "appletvos",
               "appletvsimulator",
               "watchos",
               "watchsimulator",
            );
            SWIFT_ACTIVE_COMPILATION_CONDITIONS = "SWIFT_PACKAGE";
            SWIFT_OPTIMIZATION_LEVEL = "-Onone";
            USE_HEADERMAP = "NO";
         };
         name = "Debug";
      };
      "OBJ_30" = {
         isa = "PBXFileReference";
         path = "Team.swift";
         sourceTree = "<group>";
      };
      "OBJ_31" = {
         isa = "PBXFileReference";
         path = "TeamIcon.swift";
         sourceTree = "<group>";
      };
      "OBJ_32" = {
         isa = "PBXFileReference";
         path = "Topic.swift";
         sourceTree = "<group>";
      };
      "OBJ_33" = {
         isa = "PBXFileReference";
         path = "User.swift";
         sourceTree = "<group>";
      };
      "OBJ_34" = {
         isa = "PBXFileReference";
         path = "UserGroup.swift";
         sourceTree = "<group>";
      };
      "OBJ_35" = {
         isa = "PBXGroup";
         children = (
            "OBJ_36",
         );
         name = "Tests";
         path = "";
         sourceTree = "SOURCE_ROOT";
      };
      "OBJ_36" = {
         isa = "PBXGroup";
         children = (
            "OBJ_37",
            "OBJ_38",
            "OBJ_39",
         );
         name = "SKCoreTests";
         path = "Tests/SKCoreTests";
         sourceTree = "SOURCE_ROOT";
      };
      "OBJ_37" = {
         isa = "PBXFileReference";
         path = "Helper.swift";
         sourceTree = "<group>";
      };
      "OBJ_38" = {
         isa = "PBXFileReference";
         path = "SKCoreTests.swift";
         sourceTree = "<group>";
      };
      "OBJ_39" = {
         isa = "PBXFileReference";
         path = "XCTestManifests.swift";
         sourceTree = "<group>";
      };
      "OBJ_4" = {
         isa = "XCBuildConfiguration";
         buildSettings = {
            CLANG_ENABLE_OBJC_ARC = "YES";
            COMBINE_HIDPI_IMAGES = "YES";
            COPY_PHASE_STRIP = "YES";
            DEBUG_INFORMATION_FORMAT = "dwarf-with-dsym";
            DYLIB_INSTALL_NAME_BASE = "@rpath";
            GCC_OPTIMIZATION_LEVEL = "s";
            MACOSX_DEPLOYMENT_TARGET = "10.10";
            OTHER_SWIFT_FLAGS = (
               "-DXcode",
            );
            PRODUCT_NAME = "$(TARGET_NAME)";
            SDKROOT = "macosx";
            SUPPORTED_PLATFORMS = (
               "macosx",
               "iphoneos",
               "iphonesimulator",
               "appletvos",
               "appletvsimulator",
               "watchos",
               "watchsimulator",
            );
            SWIFT_ACTIVE_COMPILATION_CONDITIONS = "SWIFT_PACKAGE";
            SWIFT_OPTIMIZATION_LEVEL = "-Owholemodule";
            USE_HEADERMAP = "NO";
         };
         name = "Release";
      };
      "OBJ_40" = {
         isa = "PBXGroup";
         children = (
            "SKCore::SKCore::Product",
            "SKCore::SKCoreTests::Product",
         );
         name = "Products";
         path = "";
         sourceTree = "BUILT_PRODUCTS_DIR";
      };
      "OBJ_44" = {
         isa = "XCConfigurationList";
         buildConfigurations = (
            "OBJ_45",
            "OBJ_46",
         );
         defaultConfigurationIsVisible = "0";
         defaultConfigurationName = "Release";
      };
      "OBJ_45" = {
         isa = "XCBuildConfiguration";
         buildSettings = {
            ENABLE_TESTABILITY = "YES";
            FRAMEWORK_SEARCH_PATHS = (
               "$(inherited)",
               "$(PLATFORM_DIR)/Developer/Library/Frameworks",
            );
            HEADER_SEARCH_PATHS = (
               "$(inherited)",
            );
            INFOPLIST_FILE = "SKCore.xcodeproj/SKCore_Info.plist";
            LD_RUNPATH_SEARCH_PATHS = (
               "$(inherited)",
               "$(TOOLCHAIN_DIR)/usr/lib/swift/macosx",
            );
            OTHER_CFLAGS = (
               "$(inherited)",
            );
            OTHER_LDFLAGS = (
               "$(inherited)",
            );
            OTHER_SWIFT_FLAGS = (
               "$(inherited)",
            );
            PRODUCT_BUNDLE_IDENTIFIER = "SKCore";
            PRODUCT_MODULE_NAME = "$(TARGET_NAME:c99extidentifier)";
            PRODUCT_NAME = "$(TARGET_NAME:c99extidentifier)";
            SKIP_INSTALL = "YES";
            SWIFT_VERSION = "4.0";
            TARGET_NAME = "SKCore";
         };
         name = "Debug";
      };
      "OBJ_46" = {
         isa = "XCBuildConfiguration";
         buildSettings = {
            ENABLE_TESTABILITY = "YES";
            FRAMEWORK_SEARCH_PATHS = (
               "$(inherited)",
               "$(PLATFORM_DIR)/Developer/Library/Frameworks",
            );
            HEADER_SEARCH_PATHS = (
               "$(inherited)",
            );
            INFOPLIST_FILE = "SKCore.xcodeproj/SKCore_Info.plist";
            LD_RUNPATH_SEARCH_PATHS = (
               "$(inherited)",
               "$(TOOLCHAIN_DIR)/usr/lib/swift/macosx",
            );
            OTHER_CFLAGS = (
               "$(inherited)",
            );
            OTHER_LDFLAGS = (
               "$(inherited)",
            );
            OTHER_SWIFT_FLAGS = (
               "$(inherited)",
            );
            PRODUCT_BUNDLE_IDENTIFIER = "SKCore";
            PRODUCT_MODULE_NAME = "$(TARGET_NAME:c99extidentifier)";
            PRODUCT_NAME = "$(TARGET_NAME:c99extidentifier)";
            SKIP_INSTALL = "YES";
            SWIFT_VERSION = "4.0";
            TARGET_NAME = "SKCore";
         };
         name = "Release";
      };
      "OBJ_47" = {
         isa = "PBXSourcesBuildPhase";
         files = (
            "OBJ_48",
            "OBJ_49",
            "OBJ_50",
            "OBJ_51",
            "OBJ_52",
            "OBJ_53",
            "OBJ_54",
            "OBJ_55",
            "OBJ_56",
            "OBJ_57",
            "OBJ_58",
            "OBJ_59",
            "OBJ_60",
            "OBJ_61",
            "OBJ_62",
            "OBJ_63",
            "OBJ_64",
            "OBJ_65",
            "OBJ_66",
            "OBJ_67",
            "OBJ_68",
            "OBJ_69",
            "OBJ_70",
            "OBJ_71",
            "OBJ_72",
            "OBJ_73",
            "OBJ_74",
         );
      };
      "OBJ_48" = {
         isa = "PBXBuildFile";
         fileRef = "OBJ_8";
      };
      "OBJ_49" = {
         isa = "PBXBuildFile";
         fileRef = "OBJ_9";
      };
      "OBJ_5" = {
         isa = "PBXGroup";
         children = (
            "OBJ_6",
            "OBJ_7",
            "OBJ_35",
            "OBJ_40",
         );
         path = "";
         sourceTree = "<group>";
      };
      "OBJ_50" = {
         isa = "PBXBuildFile";
         fileRef = "OBJ_10";
      };
      "OBJ_51" = {
         isa = "PBXBuildFile";
         fileRef = "OBJ_11";
      };
      "OBJ_52" = {
         isa = "PBXBuildFile";
         fileRef = "OBJ_12";
      };
      "OBJ_53" = {
         isa = "PBXBuildFile";
         fileRef = "OBJ_13";
      };
      "OBJ_54" = {
         isa = "PBXBuildFile";
         fileRef = "OBJ_14";
      };
      "OBJ_55" = {
         isa = "PBXBuildFile";
         fileRef = "OBJ_15";
      };
      "OBJ_56" = {
         isa = "PBXBuildFile";
         fileRef = "OBJ_16";
      };
      "OBJ_57" = {
         isa = "PBXBuildFile";
         fileRef = "OBJ_17";
      };
      "OBJ_58" = {
         isa = "PBXBuildFile";
         fileRef = "OBJ_18";
      };
      "OBJ_59" = {
         isa = "PBXBuildFile";
         fileRef = "OBJ_19";
      };
      "OBJ_6" = {
         isa = "PBXFileReference";
         explicitFileType = "sourcecode.swift";
         path = "Package.swift";
         sourceTree = "<group>";
      };
      "OBJ_60" = {
         isa = "PBXBuildFile";
         fileRef = "OBJ_20";
      };
      "OBJ_61" = {
         isa = "PBXBuildFile";
         fileRef = "OBJ_21";
      };
      "OBJ_62" = {
         isa = "PBXBuildFile";
         fileRef = "OBJ_22";
      };
      "OBJ_63" = {
         isa = "PBXBuildFile";
         fileRef = "OBJ_23";
      };
      "OBJ_64" = {
         isa = "PBXBuildFile";
         fileRef = "OBJ_24";
      };
      "OBJ_65" = {
         isa = "PBXBuildFile";
         fileRef = "OBJ_25";
      };
      "OBJ_66" = {
         isa = "PBXBuildFile";
         fileRef = "OBJ_26";
      };
      "OBJ_67" = {
         isa = "PBXBuildFile";
         fileRef = "OBJ_27";
      };
      "OBJ_68" = {
         isa = "PBXBuildFile";
         fileRef = "OBJ_28";
      };
      "OBJ_69" = {
         isa = "PBXBuildFile";
         fileRef = "OBJ_29";
      };
      "OBJ_7" = {
         isa = "PBXGroup";
         children = (
            "OBJ_8",
            "OBJ_9",
            "OBJ_10",
            "OBJ_11",
            "OBJ_12",
            "OBJ_13",
            "OBJ_14",
            "OBJ_15",
            "OBJ_16",
            "OBJ_17",
            "OBJ_18",
            "OBJ_19",
            "OBJ_20",
            "OBJ_21",
            "OBJ_22",
            "OBJ_23",
            "OBJ_24",
            "OBJ_25",
            "OBJ_26",
            "OBJ_27",
            "OBJ_28",
            "OBJ_29",
            "OBJ_30",
            "OBJ_31",
            "OBJ_32",
            "OBJ_33",
            "OBJ_34",
         );
         name = "Sources";
         path = "Sources";
         sourceTree = "SOURCE_ROOT";
      };
      "OBJ_70" = {
         isa = "PBXBuildFile";
         fileRef = "OBJ_30";
      };
      "OBJ_71" = {
         isa = "PBXBuildFile";
         fileRef = "OBJ_31";
      };
      "OBJ_72" = {
         isa = "PBXBuildFile";
         fileRef = "OBJ_32";
      };
      "OBJ_73" = {
         isa = "PBXBuildFile";
         fileRef = "OBJ_33";
      };
      "OBJ_74" = {
         isa = "PBXBuildFile";
         fileRef = "OBJ_34";
      };
      "OBJ_75" = {
         isa = "PBXFrameworksBuildPhase";
         files = (
         );
      };
      "OBJ_77" = {
         isa = "XCConfigurationList";
         buildConfigurations = (
            "OBJ_78",
            "OBJ_79",
         );
         defaultConfigurationIsVisible = "0";
         defaultConfigurationName = "Release";
      };
      "OBJ_78" = {
         isa = "XCBuildConfiguration";
         buildSettings = {
            LD = "/usr/bin/true";
            OTHER_SWIFT_FLAGS = (
               "-swift-version",
               "4",
               "-I",
               "$(TOOLCHAIN_DIR)/usr/lib/swift/pm/4",
               "-target",
               "x86_64-apple-macosx10.10",
               "-sdk",
               "/Applications/Xcode-9.3.app/Contents/Developer/Platforms/MacOSX.platform/Developer/SDKs/MacOSX10.13.sdk",
            );
            SWIFT_VERSION = "4.0";
         };
         name = "Debug";
      };
      "OBJ_79" = {
         isa = "XCBuildConfiguration";
         buildSettings = {
            LD = "/usr/bin/true";
            OTHER_SWIFT_FLAGS = (
               "-swift-version",
               "4",
               "-I",
               "$(TOOLCHAIN_DIR)/usr/lib/swift/pm/4",
               "-target",
               "x86_64-apple-macosx10.10",
               "-sdk",
               "/Applications/Xcode-9.3.app/Contents/Developer/Platforms/MacOSX.platform/Developer/SDKs/MacOSX10.13.sdk",
            );
            SWIFT_VERSION = "4.0";
         };
         name = "Release";
      };
      "OBJ_8" = {
         isa = "PBXFileReference";
         path = "Action.swift";
         sourceTree = "<group>";
      };
      "OBJ_80" = {
         isa = "PBXSourcesBuildPhase";
         files = (
            "OBJ_81",
         );
      };
      "OBJ_81" = {
         isa = "PBXBuildFile";
         fileRef = "OBJ_6";
      };
      "OBJ_83" = {
         isa = "XCConfigurationList";
         buildConfigurations = (
            "OBJ_84",
            "OBJ_85",
         );
         defaultConfigurationIsVisible = "0";
         defaultConfigurationName = "Release";
      };
      "OBJ_84" = {
         isa = "XCBuildConfiguration";
         buildSettings = {
         };
         name = "Debug";
      };
      "OBJ_85" = {
         isa = "XCBuildConfiguration";
         buildSettings = {
         };
         name = "Release";
      };
      "OBJ_86" = {
         isa = "PBXTargetDependency";
         target = "SKCore::SKCoreTests";
      };
      "OBJ_88" = {
         isa = "XCConfigurationList";
         buildConfigurations = (
            "OBJ_89",
            "OBJ_90",
         );
         defaultConfigurationIsVisible = "0";
         defaultConfigurationName = "Release";
      };
      "OBJ_89" = {
         isa = "XCBuildConfiguration";
         buildSettings = {
            EMBEDDED_CONTENT_CONTAINS_SWIFT = "YES";
            FRAMEWORK_SEARCH_PATHS = (
               "$(inherited)",
               "$(PLATFORM_DIR)/Developer/Library/Frameworks",
            );
            HEADER_SEARCH_PATHS = (
               "$(inherited)",
            );
            INFOPLIST_FILE = "SKCore.xcodeproj/SKCoreTests_Info.plist";
            LD_RUNPATH_SEARCH_PATHS = (
               "$(inherited)",
               "@loader_path/../Frameworks",
               "@loader_path/Frameworks",
            );
            OTHER_CFLAGS = (
               "$(inherited)",
            );
            OTHER_LDFLAGS = (
               "$(inherited)",
            );
            OTHER_SWIFT_FLAGS = (
               "$(inherited)",
            );
            SWIFT_VERSION = "4.0";
            TARGET_NAME = "SKCoreTests";
         };
         name = "Debug";
      };
      "OBJ_9" = {
         isa = "PBXFileReference";
         path = "Attachment.swift";
         sourceTree = "<group>";
      };
      "OBJ_90" = {
         isa = "XCBuildConfiguration";
         buildSettings = {
            EMBEDDED_CONTENT_CONTAINS_SWIFT = "YES";
            FRAMEWORK_SEARCH_PATHS = (
               "$(inherited)",
               "$(PLATFORM_DIR)/Developer/Library/Frameworks",
            );
            HEADER_SEARCH_PATHS = (
               "$(inherited)",
            );
            INFOPLIST_FILE = "SKCore.xcodeproj/SKCoreTests_Info.plist";
            LD_RUNPATH_SEARCH_PATHS = (
               "$(inherited)",
               "@loader_path/../Frameworks",
               "@loader_path/Frameworks",
            );
            OTHER_CFLAGS = (
               "$(inherited)",
            );
            OTHER_LDFLAGS = (
               "$(inherited)",
            );
            OTHER_SWIFT_FLAGS = (
               "$(inherited)",
            );
            SWIFT_VERSION = "4.0";
            TARGET_NAME = "SKCoreTests";
         };
         name = "Release";
      };
      "OBJ_91" = {
         isa = "PBXSourcesBuildPhase";
         files = (
            "OBJ_92",
            "OBJ_93",
            "OBJ_94",
         );
      };
      "OBJ_92" = {
         isa = "PBXBuildFile";
         fileRef = "OBJ_37";
      };
      "OBJ_93" = {
         isa = "PBXBuildFile";
         fileRef = "OBJ_38";
      };
      "OBJ_94" = {
         isa = "PBXBuildFile";
         fileRef = "OBJ_39";
      };
      "OBJ_95" = {
         isa = "PBXFrameworksBuildPhase";
         files = (
            "OBJ_96",
         );
      };
      "OBJ_96" = {
         isa = "PBXBuildFile";
         fileRef = "SKCore::SKCore::Product";
      };
      "OBJ_97" = {
         isa = "PBXTargetDependency";
         target = "SKCore::SKCore";
      };
      "SKCore::SKCore" = {
         isa = "PBXNativeTarget";
         buildConfigurationList = "OBJ_44";
         buildPhases = (
            "OBJ_47",
            "OBJ_75",
         );
         dependencies = (
         );
         name = "SKCore";
         productName = "SKCore";
         productReference = "SKCore::SKCore::Product";
         productType = "com.apple.product-type.framework";
      };
      "SKCore::SKCore::Product" = {
         isa = "PBXFileReference";
         path = "SKCore.framework";
         sourceTree = "BUILT_PRODUCTS_DIR";
      };
      "SKCore::SKCorePackageTests::ProductTarget" = {
         isa = "PBXAggregateTarget";
         buildConfigurationList = "OBJ_83";
         buildPhases = (
         );
         dependencies = (
            "OBJ_86",
         );
         name = "SKCorePackageTests";
         productName = "SKCorePackageTests";
      };
      "SKCore::SKCoreTests" = {
         isa = "PBXNativeTarget";
         buildConfigurationList = "OBJ_88";
         buildPhases = (
            "OBJ_91",
            "OBJ_95",
         );
         dependencies = (
            "OBJ_97",
         );
         name = "SKCoreTests";
         productName = "SKCoreTests";
         productReference = "SKCore::SKCoreTests::Product";
         productType = "com.apple.product-type.bundle.unit-test";
      };
      "SKCore::SKCoreTests::Product" = {
         isa = "PBXFileReference";
         path = "SKCoreTests.xctest";
         sourceTree = "BUILT_PRODUCTS_DIR";
      };
      "SKCore::SwiftPMPackageDescription" = {
         isa = "PBXNativeTarget";
         buildConfigurationList = "OBJ_77";
         buildPhases = (
            "OBJ_80",
         );
         dependencies = (
         );
         name = "SKCorePackageDescription";
         productName = "SKCorePackageDescription";
         productType = "com.apple.product-type.framework";
      };
   };
   rootObject = "OBJ_1";
}
